
Microsoft Visual Studio Solution File, Format Version 12.00
# Visual Studio Version 17
VisualStudioVersion = 17.5.002.0
MinimumVisualStudioVersion = 10.0.40219.1
Project("{9A19103F-16F7-4668-BE54-9A1E7A4F7556}") = "AbstractClassesandMethods", "AbstractClassesandMethods\AbstractClassesandMethods.csproj", "{12E0B4DD-7D81-4521-BE6D-DC9BD995A262}"
EndProject
Project("{9A19103F-16F7-4668-BE54-9A1E7A4F7556}") = "InheritanceandMethodOverridding", "InheritanceandMethodOverridding\InheritanceandMethodOverridding.csproj", "{1B2662C5-7EF9-4759-B25B-EA6AB10ED471}"
EndProject
Project("{9A19103F-16F7-4668-BE54-9A1E7A4F7556}") = "Interfaces", "Interfaces\Interfaces.csproj", "{7A49439C-E50A-4350-A595-C4B44CB18538}"
EndProject
Global
	GlobalSection(SolutionConfigurationPlatforms) = preSolution
		Debug|Any CPU = Debug|Any CPU
		Release|Any CPU = Release|Any CPU
	EndGlobalSection
	GlobalSection(ProjectConfigurationPlatforms) = postSolution
		{12E0B4DD-7D81-4521-BE6D-DC9BD995A262}.Debug|Any CPU.ActiveCfg = Debug|Any CPU
		{12E0B4DD-7D81-4521-BE6D-DC9BD995A262}.Debug|Any CPU.Build.0 = Debug|Any CPU
		{12E0B4DD-7D81-4521-BE6D-DC9BD995A262}.Release|Any CPU.ActiveCfg = Release|Any CPU
		{12E0B4DD-7D81-4521-BE6D-DC9BD995A262}.Release|Any CPU.Build.0 = Release|Any CPU
		{1B2662C5-7EF9-4759-B25B-EA6AB10ED471}.Debug|Any CPU.ActiveCfg = Debug|Any CPU
		{1B2662C5-7EF9-4759-B25B-EA6AB10ED471}.Debug|Any CPU.Build.0 = Debug|Any CPU
		{1B2662C5-7EF9-4759-B25B-EA6AB10ED471}.Release|Any CPU.ActiveCfg = Release|Any CPU
		{1B2662C5-7EF9-4759-B25B-EA6AB10ED471}.Release|Any CPU.Build.0 = Release|Any CPU
		{7A49439C-E50A-4350-A595-C4B44CB18538}.Debug|Any CPU.ActiveCfg = Debug|Any CPU
		{7A49439C-E50A-4350-A595-C4B44CB18538}.Debug|Any CPU.Build.0 = Debug|Any CPU
		{7A49439C-E50A-4350-A595-C4B44CB18538}.Release|Any CPU.ActiveCfg = Release|Any CPU
		{7A49439C-E50A-4350-A595-C4B44CB18538}.Release|Any CPU.Build.0 = Release|Any CPU
	EndGlobalSection
	GlobalSection(SolutionProperties) = preSolution
		HideSolutionNode = FALSE
	EndGlobalSection
	GlobalSection(ExtensibilityGlobals) = postSolution
		SolutionGuid = {59DE8256-2007-45A5-8F6E-0069926C81F1}
	EndGlobalSection
EndGlobal
